
Microsoft Visual Studio Solution File, Format Version 12.00
# Visual Studio Version 17
VisualStudioVersion = 17.4.33403.182
MinimumVisualStudioVersion = 10.0.40219.1
Project("{9A19103F-16F7-4668-BE54-9A1E7A4F7556}") = "AlorClient.Example", "AlorClient.Example\AlorClient.Example.csproj", "{C36E1E7B-C6C9-41D2-A695-4B74F60FD18C}"
EndProject
Project("{9A19103F-16F7-4668-BE54-9A1E7A4F7556}") = "AlorClient", "AlorClient\AlorClient.csproj", "{8FA184AC-5067-47E8-8D8F-B02C369D6E55}"
EndProject
Project("{2150E333-8FDC-42A3-9474-1A3956D46DE8}") = "Solution Items", "Solution Items", "{C0CE97A1-80A5-4C76-8D60-006D683B3152}"
	ProjectSection(SolutionItems) = preProject
		Monitoring.service = Monitoring.service
		Readme.md = Readme.md
	EndProjectSection
EndProject
Project("{9A19103F-16F7-4668-BE54-9A1E7A4F7556}") = "DataStorage", "DataStorage\DataStorage.csproj", "{5BD79BE7-8030-42D1-A78A-C9BDCB8EE157}"
EndProject
Project("{9A19103F-16F7-4668-BE54-9A1E7A4F7556}") = "Common", "Common\Common.csproj", "{643F2DEC-4C02-42C5-A9A3-E18B97E06D6A}"
EndProject
Project("{9A19103F-16F7-4668-BE54-9A1E7A4F7556}") = "Monitoring", "Monitoring\Monitoring.csproj", "{B493F58B-F500-4E5F-8DB5-246CF674361D}"
EndProject
Global
	GlobalSection(SolutionConfigurationPlatforms) = preSolution
		Debug|Any CPU = Debug|Any CPU
		Release|Any CPU = Release|Any CPU
	EndGlobalSection
	GlobalSection(ProjectConfigurationPlatforms) = postSolution
		{C36E1E7B-C6C9-41D2-A695-4B74F60FD18C}.Debug|Any CPU.ActiveCfg = Debug|Any CPU
		{C36E1E7B-C6C9-41D2-A695-4B74F60FD18C}.Debug|Any CPU.Build.0 = Debug|Any CPU
		{C36E1E7B-C6C9-41D2-A695-4B74F60FD18C}.Release|Any CPU.ActiveCfg = Release|Any CPU
		{C36E1E7B-C6C9-41D2-A695-4B74F60FD18C}.Release|Any CPU.Build.0 = Release|Any CPU
		{8FA184AC-5067-47E8-8D8F-B02C369D6E55}.Debug|Any CPU.ActiveCfg = Debug|Any CPU
		{8FA184AC-5067-47E8-8D8F-B02C369D6E55}.Debug|Any CPU.Build.0 = Debug|Any CPU
		{8FA184AC-5067-47E8-8D8F-B02C369D6E55}.Release|Any CPU.ActiveCfg = Release|Any CPU
		{8FA184AC-5067-47E8-8D8F-B02C369D6E55}.Release|Any CPU.Build.0 = Release|Any CPU
		{5BD79BE7-8030-42D1-A78A-C9BDCB8EE157}.Debug|Any CPU.ActiveCfg = Debug|Any CPU
		{5BD79BE7-8030-42D1-A78A-C9BDCB8EE157}.Debug|Any CPU.Build.0 = Debug|Any CPU
		{5BD79BE7-8030-42D1-A78A-C9BDCB8EE157}.Release|Any CPU.ActiveCfg = Release|Any CPU
		{5BD79BE7-8030-42D1-A78A-C9BDCB8EE157}.Release|Any CPU.Build.0 = Release|Any CPU
		{643F2DEC-4C02-42C5-A9A3-E18B97E06D6A}.Debug|Any CPU.ActiveCfg = Debug|Any CPU
		{643F2DEC-4C02-42C5-A9A3-E18B97E06D6A}.Debug|Any CPU.Build.0 = Debug|Any CPU
		{643F2DEC-4C02-42C5-A9A3-E18B97E06D6A}.Release|Any CPU.ActiveCfg = Release|Any CPU
		{643F2DEC-4C02-42C5-A9A3-E18B97E06D6A}.Release|Any CPU.Build.0 = Release|Any CPU
		{B493F58B-F500-4E5F-8DB5-246CF674361D}.Debug|Any CPU.ActiveCfg = Debug|Any CPU
		{B493F58B-F500-4E5F-8DB5-246CF674361D}.Debug|Any CPU.Build.0 = Debug|Any CPU
		{B493F58B-F500-4E5F-8DB5-246CF674361D}.Release|Any CPU.ActiveCfg = Release|Any CPU
		{B493F58B-F500-4E5F-8DB5-246CF674361D}.Release|Any CPU.Build.0 = Release|Any CPU
	EndGlobalSection
	GlobalSection(SolutionProperties) = preSolution
		HideSolutionNode = FALSE
	EndGlobalSection
	GlobalSection(ExtensibilityGlobals) = postSolution
		SolutionGuid = {782AAC75-95C9-44EE-9254-52FA1D410BD0}
	EndGlobalSection
EndGlobal
