
Microsoft Visual Studio Solution File, Format Version 12.00
# Visual Studio Version 17
VisualStudioVersion = 17.4.33103.184
MinimumVisualStudioVersion = 10.0.40219.1
Project("{9A19103F-16F7-4668-BE54-9A1E7A4F7556}") = "ApiWrapper.App", "ApiWrapper.App\ApiWrapper.App.csproj", "{723A9A17-6F7D-436F-ABFF-947066F5EA81}"
EndProject
Global
	GlobalSection(SolutionConfigurationPlatforms) = preSolution
		Debug|Any CPU = Debug|Any CPU
		Release|Any CPU = Release|Any CPU
	EndGlobalSection
	GlobalSection(ProjectConfigurationPlatforms) = postSolution
		{723A9A17-6F7D-436F-ABFF-947066F5EA81}.Debug|Any CPU.ActiveCfg = Debug|Any CPU
		{723A9A17-6F7D-436F-ABFF-947066F5EA81}.Debug|Any CPU.Build.0 = Debug|Any CPU
		{723A9A17-6F7D-436F-ABFF-947066F5EA81}.Release|Any CPU.ActiveCfg = Release|Any CPU
		{723A9A17-6F7D-436F-ABFF-947066F5EA81}.Release|Any CPU.Build.0 = Release|Any CPU
	EndGlobalSection
	GlobalSection(SolutionProperties) = preSolution
		HideSolutionNode = FALSE
	EndGlobalSection
	GlobalSection(ExtensibilityGlobals) = postSolution
		SolutionGuid = {994800C2-7185-4862-8E24-9D9F06C4462C}
	EndGlobalSection
EndGlobal
